// !$*UTF8*$!
{
	archiveVersion = 1;
	classes = {
	};
	objectVersion = 50;
	objects = {

/* Begin PBXBuildFile section */
		980E741922BBDCE500C499A3 /* GameControls.cpp in Sources */ = {isa = PBXBuildFile; fileRef = 980E741722BBDCE500C499A3 /* GameControls.cpp */; };
		980E741C22BBDCFD00C499A3 /* PlayerControls.cpp in Sources */ = {isa = PBXBuildFile; fileRef = 980E741A22BBDCFD00C499A3 /* PlayerControls.cpp */; };
		980E742322BBDEC400C499A3 /* Player.cpp in Sources */ = {isa = PBXBuildFile; fileRef = 980E742122BBDEC400C499A3 /* Player.cpp */; };
		980E742622BBDECF00C499A3 /* Game.cpp in Sources */ = {isa = PBXBuildFile; fileRef = 980E742422BBDECF00C499A3 /* Game.cpp */; };
		980E742922BBE12900C499A3 /* PlayerMoveType.cpp in Sources */ = {isa = PBXBuildFile; fileRef = 980E742722BBE12900C499A3 /* PlayerMoveType.cpp */; };
		984C433C22BD1F390018CABD /* Factory.cpp in Sources */ = {isa = PBXBuildFile; fileRef = 984C433A22BD1F390018CABD /* Factory.cpp */; };
		984C433F22BD201D0018CABD /* Factory.cpp in Sources */ = {isa = PBXBuildFile; fileRef = 984C433D22BD201D0018CABD /* Factory.cpp */; };
		986BE2F522BA9E6E00B3A18D /* Game.cpp in Sources */ = {isa = PBXBuildFile; fileRef = 986BE2F322BA9E6E00B3A18D /* Game.cpp */; };
		986BE2F822BA9E9600B3A18D /* GameState.cpp in Sources */ = {isa = PBXBuildFile; fileRef = 986BE2F622BA9E9600B3A18D /* GameState.cpp */; };
		986BE2FB22BA9EB200B3A18D /* GameLoop.cpp in Sources */ = {isa = PBXBuildFile; fileRef = 986BE2F922BA9EB200B3A18D /* GameLoop.cpp */; };
		986BE2FE22BA9FFF00B3A18D /* GameRenderer.cpp in Sources */ = {isa = PBXBuildFile; fileRef = 986BE2FC22BA9FFF00B3A18D /* GameRenderer.cpp */; };
		986BE30222BAA10200B3A18D /* Player.cpp in Sources */ = {isa = PBXBuildFile; fileRef = 986BE30022BAA10200B3A18D /* Player.cpp */; };
		986BE30622BAA16C00B3A18D /* Level.cpp in Sources */ = {isa = PBXBuildFile; fileRef = 986BE30422BAA16C00B3A18D /* Level.cpp */; };
		986BE30922BAA18700B3A18D /* LevelLoader.cpp in Sources */ = {isa = PBXBuildFile; fileRef = 986BE30722BAA18700B3A18D /* LevelLoader.cpp */; };
		98B731BD22B94E980020AFD5 /* AssetManager.cpp in Sources */ = {isa = PBXBuildFile; fileRef = 98B731BB22B94E980020AFD5 /* AssetManager.cpp */; };
		98B731C022B955A20020AFD5 /* AssetNotFound.cpp in Sources */ = {isa = PBXBuildFile; fileRef = 98B731BE22B955A20020AFD5 /* AssetNotFound.cpp */; };
		98C49A7222B5514700084A65 /* libsfml-window.2.5.1.dylib in Frameworks */ = {isa = PBXBuildFile; fileRef = 98C49A6F22B5514700084A65 /* libsfml-window.2.5.1.dylib */; };
		98C49A7322B5514700084A65 /* libsfml-graphics.2.5.1.dylib in Frameworks */ = {isa = PBXBuildFile; fileRef = 98C49A7022B5514700084A65 /* libsfml-graphics.2.5.1.dylib */; };
		98C49A7422B5514700084A65 /* libsfml-system.2.5.1.dylib in Frameworks */ = {isa = PBXBuildFile; fileRef = 98C49A7122B5514700084A65 /* libsfml-system.2.5.1.dylib */; };
		98C49A7B22B5562C00084A65 /* assets in CopyFiles */ = {isa = PBXBuildFile; fileRef = 98C49A7722B5561800084A65 /* assets */; };
		98C49A7C22B5562C00084A65 /* levels in CopyFiles */ = {isa = PBXBuildFile; fileRef = 98C49A7822B5561800084A65 /* levels */; };
		98CABB5822B66A4300698549 /* Parser.cpp in Sources */ = {isa = PBXBuildFile; fileRef = 98CABB5622B66A4300698549 /* Parser.cpp */; };
		98CABB5A22B6A43200698549 /* bindings.cfg in Resources */ = {isa = PBXBuildFile; fileRef = 98CABB5922B6A43200698549 /* bindings.cfg */; };
		98CABB5B22B6A43C00698549 /* bindings.cfg in CopyFiles */ = {isa = PBXBuildFile; fileRef = 98CABB5922B6A43200698549 /* bindings.cfg */; };
		98EDD6AD22B63B5200942A49 /* Letterbox.cpp in Sources */ = {isa = PBXBuildFile; fileRef = 98EDD6A722B63B5100942A49 /* Letterbox.cpp */; };
		98EDD6AE22B63B5200942A49 /* ApplicationFactory.cpp in Sources */ = {isa = PBXBuildFile; fileRef = 98EDD6A822B63B5100942A49 /* ApplicationFactory.cpp */; };
		98EDD6AF22B63B5200942A49 /* Application.cpp in Sources */ = {isa = PBXBuildFile; fileRef = 98EDD6AB22B63B5100942A49 /* Application.cpp */; };
		98EDD6B022B63B5200942A49 /* main.cpp in Sources */ = {isa = PBXBuildFile; fileRef = 98EDD6AC22B63B5100942A49 /* main.cpp */; };
		98EDD6B622B6640F00942A49 /* Loader.cpp in Sources */ = {isa = PBXBuildFile; fileRef = 98EDD6B422B6640F00942A49 /* Loader.cpp */; };
		98EDD6B922B6648600942A49 /* Config.cpp in Sources */ = {isa = PBXBuildFile; fileRef = 98EDD6B722B6648600942A49 /* Config.cpp */; };
		98F07AFC22BAB29900134E17 /* LevelManager.cpp in Sources */ = {isa = PBXBuildFile; fileRef = 98F07AFA22BAB29900134E17 /* LevelManager.cpp */; };
		98F07AFF22BAB8A500134E17 /* CurrentLevel.cpp in Sources */ = {isa = PBXBuildFile; fileRef = 98F07AFD22BAB8A500134E17 /* CurrentLevel.cpp */; };
		98F07B0222BABCA900134E17 /* PlayerController.cpp in Sources */ = {isa = PBXBuildFile; fileRef = 98F07B0022BABCA900134E17 /* PlayerController.cpp */; };
		98F07B0522BABCB600134E17 /* GameController.cpp in Sources */ = {isa = PBXBuildFile; fileRef = 98F07B0322BABCB600134E17 /* GameController.cpp */; };
/* End PBXBuildFile section */

/* Begin PBXCopyFilesBuildPhase section */
		98C49A7522B552E600084A65 /* CopyFiles */ = {
			isa = PBXCopyFilesBuildPhase;
			buildActionMask = 2147483647;
			dstPath = "";
			dstSubfolderSpec = 16;
			files = (
				98CABB5B22B6A43C00698549 /* bindings.cfg in CopyFiles */,
				98C49A7B22B5562C00084A65 /* assets in CopyFiles */,
				98C49A7C22B5562C00084A65 /* levels in CopyFiles */,
			);
			runOnlyForDeploymentPostprocessing = 0;
		};
/* End PBXCopyFilesBuildPhase section */

/* Begin PBXFileReference section */
		980E741722BBDCE500C499A3 /* GameControls.cpp */ = {isa = PBXFileReference; lastKnownFileType = sourcecode.cpp.cpp; path = GameControls.cpp; sourceTree = "<group>"; };
		980E741822BBDCE500C499A3 /* GameControls.hpp */ = {isa = PBXFileReference; lastKnownFileType = sourcecode.cpp.h; path = GameControls.hpp; sourceTree = "<group>"; };
		980E741A22BBDCFD00C499A3 /* PlayerControls.cpp */ = {isa = PBXFileReference; lastKnownFileType = sourcecode.cpp.cpp; path = PlayerControls.cpp; sourceTree = "<group>"; };
		980E741B22BBDCFD00C499A3 /* PlayerControls.hpp */ = {isa = PBXFileReference; lastKnownFileType = sourcecode.cpp.h; path = PlayerControls.hpp; sourceTree = "<group>"; };
		980E742122BBDEC400C499A3 /* Player.cpp */ = {isa = PBXFileReference; lastKnownFileType = sourcecode.cpp.cpp; path = Player.cpp; sourceTree = "<group>"; };
		980E742222BBDEC400C499A3 /* Player.hpp */ = {isa = PBXFileReference; lastKnownFileType = sourcecode.cpp.h; path = Player.hpp; sourceTree = "<group>"; };
		980E742422BBDECF00C499A3 /* Game.cpp */ = {isa = PBXFileReference; lastKnownFileType = sourcecode.cpp.cpp; path = Game.cpp; sourceTree = "<group>"; };
		980E742522BBDECF00C499A3 /* Game.hpp */ = {isa = PBXFileReference; lastKnownFileType = sourcecode.cpp.h; path = Game.hpp; sourceTree = "<group>"; };
		980E742722BBE12900C499A3 /* PlayerMoveType.cpp */ = {isa = PBXFileReference; lastKnownFileType = sourcecode.cpp.cpp; path = PlayerMoveType.cpp; sourceTree = "<group>"; };
		980E742822BBE12900C499A3 /* PlayerMoveType.hpp */ = {isa = PBXFileReference; lastKnownFileType = sourcecode.cpp.h; path = PlayerMoveType.hpp; sourceTree = "<group>"; };
		984C433A22BD1F390018CABD /* Factory.cpp */ = {isa = PBXFileReference; lastKnownFileType = sourcecode.cpp.cpp; path = Factory.cpp; sourceTree = "<group>"; };
		984C433B22BD1F390018CABD /* Factory.hpp */ = {isa = PBXFileReference; lastKnownFileType = sourcecode.cpp.h; path = Factory.hpp; sourceTree = "<group>"; };
		984C433D22BD201D0018CABD /* Factory.cpp */ = {isa = PBXFileReference; lastKnownFileType = sourcecode.cpp.cpp; path = Factory.cpp; sourceTree = "<group>"; };
		984C433E22BD201D0018CABD /* Factory.hpp */ = {isa = PBXFileReference; lastKnownFileType = sourcecode.cpp.h; path = Factory.hpp; sourceTree = "<group>"; };
		986BE2F322BA9E6E00B3A18D /* Game.cpp */ = {isa = PBXFileReference; lastKnownFileType = sourcecode.cpp.cpp; path = Game.cpp; sourceTree = "<group>"; };
		986BE2F422BA9E6E00B3A18D /* Game.hpp */ = {isa = PBXFileReference; lastKnownFileType = sourcecode.cpp.h; path = Game.hpp; sourceTree = "<group>"; };
		986BE2F622BA9E9600B3A18D /* GameState.cpp */ = {isa = PBXFileReference; lastKnownFileType = sourcecode.cpp.cpp; path = GameState.cpp; sourceTree = "<group>"; };
		986BE2F722BA9E9600B3A18D /* GameState.hpp */ = {isa = PBXFileReference; lastKnownFileType = sourcecode.cpp.h; path = GameState.hpp; sourceTree = "<group>"; };
		986BE2F922BA9EB200B3A18D /* GameLoop.cpp */ = {isa = PBXFileReference; lastKnownFileType = sourcecode.cpp.cpp; path = GameLoop.cpp; sourceTree = "<group>"; };
		986BE2FA22BA9EB200B3A18D /* GameLoop.hpp */ = {isa = PBXFileReference; lastKnownFileType = sourcecode.cpp.h; path = GameLoop.hpp; sourceTree = "<group>"; };
		986BE2FC22BA9FFF00B3A18D /* GameRenderer.cpp */ = {isa = PBXFileReference; lastKnownFileType = sourcecode.cpp.cpp; path = GameRenderer.cpp; sourceTree = "<group>"; };
		986BE2FD22BA9FFF00B3A18D /* GameRenderer.hpp */ = {isa = PBXFileReference; lastKnownFileType = sourcecode.cpp.h; path = GameRenderer.hpp; sourceTree = "<group>"; };
		986BE30022BAA10200B3A18D /* Player.cpp */ = {isa = PBXFileReference; lastKnownFileType = sourcecode.cpp.cpp; path = Player.cpp; sourceTree = "<group>"; };
		986BE30122BAA10200B3A18D /* Player.hpp */ = {isa = PBXFileReference; lastKnownFileType = sourcecode.cpp.h; path = Player.hpp; sourceTree = "<group>"; };
		986BE30422BAA16C00B3A18D /* Level.cpp */ = {isa = PBXFileReference; lastKnownFileType = sourcecode.cpp.cpp; path = Level.cpp; sourceTree = "<group>"; };
		986BE30522BAA16C00B3A18D /* Level.hpp */ = {isa = PBXFileReference; lastKnownFileType = sourcecode.cpp.h; path = Level.hpp; sourceTree = "<group>"; };
		986BE30722BAA18700B3A18D /* LevelLoader.cpp */ = {isa = PBXFileReference; lastKnownFileType = sourcecode.cpp.cpp; path = LevelLoader.cpp; sourceTree = "<group>"; };
		986BE30822BAA18700B3A18D /* LevelLoader.hpp */ = {isa = PBXFileReference; lastKnownFileType = sourcecode.cpp.h; path = LevelLoader.hpp; sourceTree = "<group>"; };
		98B731BB22B94E980020AFD5 /* AssetManager.cpp */ = {isa = PBXFileReference; lastKnownFileType = sourcecode.cpp.cpp; path = AssetManager.cpp; sourceTree = "<group>"; };
		98B731BC22B94E980020AFD5 /* AssetManager.hpp */ = {isa = PBXFileReference; lastKnownFileType = sourcecode.cpp.h; path = AssetManager.hpp; sourceTree = "<group>"; };
		98B731BE22B955A20020AFD5 /* AssetNotFound.cpp */ = {isa = PBXFileReference; lastKnownFileType = sourcecode.cpp.cpp; path = AssetNotFound.cpp; sourceTree = "<group>"; };
		98B731BF22B955A20020AFD5 /* AssetNotFound.hpp */ = {isa = PBXFileReference; lastKnownFileType = sourcecode.cpp.h; path = AssetNotFound.hpp; sourceTree = "<group>"; };
		98C49A4F22B54FA600084A65 /* Zero-Deaths.app */ = {isa = PBXFileReference; explicitFileType = wrapper.application; includeInIndex = 0; path = "Zero-Deaths.app"; sourceTree = BUILT_PRODUCTS_DIR; };
		98C49A5322B54FA600084A65 /* Zero-Deaths-Info.plist */ = {isa = PBXFileReference; lastKnownFileType = text.plist.xml; path = "Zero-Deaths-Info.plist"; sourceTree = "<group>"; };
		98C49A6F22B5514700084A65 /* libsfml-window.2.5.1.dylib */ = {isa = PBXFileReference; lastKnownFileType = "compiled.mach-o.dylib"; name = "libsfml-window.2.5.1.dylib"; path = "../../lib/macos/SFML/lib/libsfml-window.2.5.1.dylib"; sourceTree = "<group>"; };
		98C49A7022B5514700084A65 /* libsfml-graphics.2.5.1.dylib */ = {isa = PBXFileReference; lastKnownFileType = "compiled.mach-o.dylib"; name = "libsfml-graphics.2.5.1.dylib"; path = "../../lib/macos/SFML/lib/libsfml-graphics.2.5.1.dylib"; sourceTree = "<group>"; };
		98C49A7122B5514700084A65 /* libsfml-system.2.5.1.dylib */ = {isa = PBXFileReference; lastKnownFileType = "compiled.mach-o.dylib"; name = "libsfml-system.2.5.1.dylib"; path = "../../lib/macos/SFML/lib/libsfml-system.2.5.1.dylib"; sourceTree = "<group>"; };
		98C49A7722B5561800084A65 /* assets */ = {isa = PBXFileReference; lastKnownFileType = folder; name = assets; path = ../../../assets; sourceTree = "<group>"; };
		98C49A7822B5561800084A65 /* levels */ = {isa = PBXFileReference; lastKnownFileType = folder; name = levels; path = ../../../levels; sourceTree = "<group>"; };
		98CABB5622B66A4300698549 /* Parser.cpp */ = {isa = PBXFileReference; lastKnownFileType = sourcecode.cpp.cpp; path = Parser.cpp; sourceTree = "<group>"; };
		98CABB5722B66A4300698549 /* Parser.hpp */ = {isa = PBXFileReference; lastKnownFileType = sourcecode.cpp.h; path = Parser.hpp; sourceTree = "<group>"; };
		98CABB5922B6A43200698549 /* bindings.cfg */ = {isa = PBXFileReference; fileEncoding = 4; lastKnownFileType = text; name = bindings.cfg; path = ../../../bindings.cfg; sourceTree = "<group>"; };
		98EDD6A622B63B5100942A49 /* Application.hpp */ = {isa = PBXFileReference; fileEncoding = 4; lastKnownFileType = sourcecode.cpp.h; path = Application.hpp; sourceTree = "<group>"; };
		98EDD6A722B63B5100942A49 /* Letterbox.cpp */ = {isa = PBXFileReference; fileEncoding = 4; lastKnownFileType = sourcecode.cpp.cpp; path = Letterbox.cpp; sourceTree = "<group>"; };
		98EDD6A822B63B5100942A49 /* ApplicationFactory.cpp */ = {isa = PBXFileReference; fileEncoding = 4; lastKnownFileType = sourcecode.cpp.cpp; path = ApplicationFactory.cpp; sourceTree = "<group>"; };
		98EDD6A922B63B5100942A49 /* Letterbox.hpp */ = {isa = PBXFileReference; fileEncoding = 4; lastKnownFileType = sourcecode.cpp.h; path = Letterbox.hpp; sourceTree = "<group>"; };
		98EDD6AA22B63B5100942A49 /* ApplicationFactory.hpp */ = {isa = PBXFileReference; fileEncoding = 4; lastKnownFileType = sourcecode.cpp.h; path = ApplicationFactory.hpp; sourceTree = "<group>"; };
		98EDD6AB22B63B5100942A49 /* Application.cpp */ = {isa = PBXFileReference; fileEncoding = 4; lastKnownFileType = sourcecode.cpp.cpp; path = Application.cpp; sourceTree = "<group>"; };
		98EDD6AC22B63B5100942A49 /* main.cpp */ = {isa = PBXFileReference; fileEncoding = 4; lastKnownFileType = sourcecode.cpp.cpp; path = main.cpp; sourceTree = "<group>"; };
		98EDD6B422B6640F00942A49 /* Loader.cpp */ = {isa = PBXFileReference; lastKnownFileType = sourcecode.cpp.cpp; path = Loader.cpp; sourceTree = "<group>"; };
		98EDD6B522B6640F00942A49 /* Loader.hpp */ = {isa = PBXFileReference; lastKnownFileType = sourcecode.cpp.h; path = Loader.hpp; sourceTree = "<group>"; };
		98EDD6B722B6648600942A49 /* Config.cpp */ = {isa = PBXFileReference; lastKnownFileType = sourcecode.cpp.cpp; path = Config.cpp; sourceTree = "<group>"; };
		98EDD6B822B6648600942A49 /* Config.hpp */ = {isa = PBXFileReference; lastKnownFileType = sourcecode.cpp.h; path = Config.hpp; sourceTree = "<group>"; };
		98F07AFA22BAB29900134E17 /* LevelManager.cpp */ = {isa = PBXFileReference; lastKnownFileType = sourcecode.cpp.cpp; path = LevelManager.cpp; sourceTree = "<group>"; };
		98F07AFB22BAB29900134E17 /* LevelManager.hpp */ = {isa = PBXFileReference; lastKnownFileType = sourcecode.cpp.h; path = LevelManager.hpp; sourceTree = "<group>"; };
		98F07AFD22BAB8A500134E17 /* CurrentLevel.cpp */ = {isa = PBXFileReference; lastKnownFileType = sourcecode.cpp.cpp; path = CurrentLevel.cpp; sourceTree = "<group>"; };
		98F07AFE22BAB8A500134E17 /* CurrentLevel.hpp */ = {isa = PBXFileReference; lastKnownFileType = sourcecode.cpp.h; path = CurrentLevel.hpp; sourceTree = "<group>"; };
		98F07B0022BABCA900134E17 /* PlayerController.cpp */ = {isa = PBXFileReference; lastKnownFileType = sourcecode.cpp.cpp; path = PlayerController.cpp; sourceTree = "<group>"; };
		98F07B0122BABCA900134E17 /* PlayerController.hpp */ = {isa = PBXFileReference; lastKnownFileType = sourcecode.cpp.h; path = PlayerController.hpp; sourceTree = "<group>"; };
		98F07B0322BABCB600134E17 /* GameController.cpp */ = {isa = PBXFileReference; lastKnownFileType = sourcecode.cpp.cpp; path = GameController.cpp; sourceTree = "<group>"; };
		98F07B0422BABCB600134E17 /* GameController.hpp */ = {isa = PBXFileReference; lastKnownFileType = sourcecode.cpp.h; path = GameController.hpp; sourceTree = "<group>"; };
/* End PBXFileReference section */

/* Begin PBXFrameworksBuildPhase section */
		98C49A4B22B54FA600084A65 /* Frameworks */ = {
			isa = PBXFrameworksBuildPhase;
			buildActionMask = 2147483647;
			files = (
				98C49A7222B5514700084A65 /* libsfml-window.2.5.1.dylib in Frameworks */,
				98C49A7322B5514700084A65 /* libsfml-graphics.2.5.1.dylib in Frameworks */,
				98C49A7422B5514700084A65 /* libsfml-system.2.5.1.dylib in Frameworks */,
			);
			runOnlyForDeploymentPostprocessing = 0;
		};
/* End PBXFrameworksBuildPhase section */

/* Begin PBXGroup section */
		980E741D22BBDDF200C499A3 /* Config */ = {
			isa = PBXGroup;
			children = (
				98EDD6B522B6640F00942A49 /* Loader.hpp */,
				98EDD6B422B6640F00942A49 /* Loader.cpp */,
				98CABB5722B66A4300698549 /* Parser.hpp */,
				98CABB5622B66A4300698549 /* Parser.cpp */,
			);
			path = Config;
			sourceTree = "<group>";
		};
		980E741F22BBDE8A00C499A3 /* Controller */ = {
			isa = PBXGroup;
			children = (
				980E742022BBDE9400C499A3 /* Keyboard */,
				984C433B22BD1F390018CABD /* Factory.hpp */,
				984C433A22BD1F390018CABD /* Factory.cpp */,
			);
			path = Controller;
			sourceTree = "<group>";
		};
		980E742022BBDE9400C499A3 /* Keyboard */ = {
			isa = PBXGroup;
			children = (
				980E742222BBDEC400C499A3 /* Player.hpp */,
				980E742122BBDEC400C499A3 /* Player.cpp */,
				980E742522BBDECF00C499A3 /* Game.hpp */,
				980E742422BBDECF00C499A3 /* Game.cpp */,
				984C433E22BD201D0018CABD /* Factory.hpp */,
				984C433D22BD201D0018CABD /* Factory.cpp */,
			);
			path = Keyboard;
			sourceTree = "<group>";
		};
		986BE2FF22BAA0F000B3A18D /* Player */ = {
			isa = PBXGroup;
			children = (
				986BE30122BAA10200B3A18D /* Player.hpp */,
				986BE30022BAA10200B3A18D /* Player.cpp */,
				980E741B22BBDCFD00C499A3 /* PlayerControls.hpp */,
				980E741A22BBDCFD00C499A3 /* PlayerControls.cpp */,
				980E742822BBE12900C499A3 /* PlayerMoveType.hpp */,
				980E742722BBE12900C499A3 /* PlayerMoveType.cpp */,
			);
			path = Player;
			sourceTree = "<group>";
		};
		986BE30322BAA15D00B3A18D /* Level */ = {
			isa = PBXGroup;
			children = (
				986BE30522BAA16C00B3A18D /* Level.hpp */,
				986BE30422BAA16C00B3A18D /* Level.cpp */,
				986BE30822BAA18700B3A18D /* LevelLoader.hpp */,
				986BE30722BAA18700B3A18D /* LevelLoader.cpp */,
				98F07AFB22BAB29900134E17 /* LevelManager.hpp */,
				98F07AFA22BAB29900134E17 /* LevelManager.cpp */,
				98F07AFE22BAB8A500134E17 /* CurrentLevel.hpp */,
				98F07AFD22BAB8A500134E17 /* CurrentLevel.cpp */,
			);
			path = Level;
			sourceTree = "<group>";
		};
		98B731BA22B94E890020AFD5 /* Assets */ = {
			isa = PBXGroup;
			children = (
				98B731BC22B94E980020AFD5 /* AssetManager.hpp */,
				98B731BB22B94E980020AFD5 /* AssetManager.cpp */,
				98B731BF22B955A20020AFD5 /* AssetNotFound.hpp */,
				98B731BE22B955A20020AFD5 /* AssetNotFound.cpp */,
			);
			path = Assets;
			sourceTree = "<group>";
		};
		98C49A4522B54FA600084A65 = {
			isa = PBXGroup;
			children = (
				98C49A5122B54FA600084A65 /* Zero-Deaths */,
				98C49A5022B54FA600084A65 /* Products */,
				98C49A6E22B5514600084A65 /* Frameworks */,
			);
			sourceTree = "<group>";
		};
		98C49A5022B54FA600084A65 /* Products */ = {
			isa = PBXGroup;
			children = (
				98C49A4F22B54FA600084A65 /* Zero-Deaths.app */,
			);
			name = Products;
			sourceTree = "<group>";
		};
		98C49A5122B54FA600084A65 /* Zero-Deaths */ = {
			isa = PBXGroup;
			children = (
				98EDD6A422B63B5100942A49 /* src */,
				98C49A7722B5561800084A65 /* assets */,
				98C49A7822B5561800084A65 /* levels */,
				98CABB5922B6A43200698549 /* bindings.cfg */,
				98C49A5222B54FA600084A65 /* Supporting Files */,
			);
			path = "Zero-Deaths";
			sourceTree = "<group>";
		};
		98C49A5222B54FA600084A65 /* Supporting Files */ = {
			isa = PBXGroup;
			children = (
				98C49A5322B54FA600084A65 /* Zero-Deaths-Info.plist */,
			);
			name = "Supporting Files";
			sourceTree = "<group>";
		};
		98C49A6E22B5514600084A65 /* Frameworks */ = {
			isa = PBXGroup;
			children = (
				98C49A7022B5514700084A65 /* libsfml-graphics.2.5.1.dylib */,
				98C49A7122B5514700084A65 /* libsfml-system.2.5.1.dylib */,
				98C49A6F22B5514700084A65 /* libsfml-window.2.5.1.dylib */,
			);
			name = Frameworks;
			sourceTree = "<group>";
		};
		98EDD6A422B63B5100942A49 /* src */ = {
			isa = PBXGroup;
			children = (
				98EDD6A522B63B5100942A49 /* Application */,
				98B731BA22B94E890020AFD5 /* Assets */,
				98EDD6B322B663E200942A49 /* Controls */,
				98EDD6B222B663A900942A49 /* Game */,
				986BE2FF22BAA0F000B3A18D /* Player */,
				986BE30322BAA15D00B3A18D /* Level */,
				98EDD6AC22B63B5100942A49 /* main.cpp */,
			);
			name = src;
			path = ../../../src;
			sourceTree = "<group>";
		};
		98EDD6A522B63B5100942A49 /* Application */ = {
			isa = PBXGroup;
			children = (
				98EDD6A622B63B5100942A49 /* Application.hpp */,
				98EDD6AB22B63B5100942A49 /* Application.cpp */,
				98EDD6AA22B63B5100942A49 /* ApplicationFactory.hpp */,
				98EDD6A822B63B5100942A49 /* ApplicationFactory.cpp */,
				98EDD6A922B63B5100942A49 /* Letterbox.hpp */,
				98EDD6A722B63B5100942A49 /* Letterbox.cpp */,
			);
			path = Application;
			sourceTree = "<group>";
		};
		98EDD6B222B663A900942A49 /* Game */ = {
			isa = PBXGroup;
			children = (
				986BE2F422BA9E6E00B3A18D /* Game.hpp */,
				986BE2F322BA9E6E00B3A18D /* Game.cpp */,
				986BE2F722BA9E9600B3A18D /* GameState.hpp */,
				986BE2F622BA9E9600B3A18D /* GameState.cpp */,
				986BE2FA22BA9EB200B3A18D /* GameLoop.hpp */,
				986BE2F922BA9EB200B3A18D /* GameLoop.cpp */,
				986BE2FD22BA9FFF00B3A18D /* GameRenderer.hpp */,
				986BE2FC22BA9FFF00B3A18D /* GameRenderer.cpp */,
				980E741822BBDCE500C499A3 /* GameControls.hpp */,
				980E741722BBDCE500C499A3 /* GameControls.cpp */,
			);
			path = Game;
			sourceTree = "<group>";
		};
		98EDD6B322B663E200942A49 /* Controls */ = {
			isa = PBXGroup;
			children = (
				980E741D22BBDDF200C499A3 /* Config */,
				980E741F22BBDE8A00C499A3 /* Controller */,
				98EDD6B822B6648600942A49 /* Config.hpp */,
				98EDD6B722B6648600942A49 /* Config.cpp */,
				98F07B0122BABCA900134E17 /* PlayerController.hpp */,
				98F07B0022BABCA900134E17 /* PlayerController.cpp */,
				98F07B0422BABCB600134E17 /* GameController.hpp */,
				98F07B0322BABCB600134E17 /* GameController.cpp */,
			);
			path = Controls;
			sourceTree = "<group>";
		};
/* End PBXGroup section */

/* Begin PBXNativeTarget section */
		98C49A4E22B54FA600084A65 /* Zero-Deaths */ = {
			isa = PBXNativeTarget;
			buildConfigurationList = 98C49A6422B54FA600084A65 /* Build configuration list for PBXNativeTarget "Zero-Deaths" */;
			buildPhases = (
				98C49A4A22B54FA600084A65 /* Sources */,
				98C49A4B22B54FA600084A65 /* Frameworks */,
				98C49A4C22B54FA600084A65 /* Resources */,
				98C49A4D22B54FA600084A65 /* ShellScript */,
				98C49A7522B552E600084A65 /* CopyFiles */,
			);
			buildRules = (
			);
			dependencies = (
			);
			name = "Zero-Deaths";
			productName = "Zero-Deaths";
			productReference = 98C49A4F22B54FA600084A65 /* Zero-Deaths.app */;
			productType = "com.apple.product-type.application";
		};
/* End PBXNativeTarget section */

/* Begin PBXProject section */
		98C49A4622B54FA600084A65 /* Project object */ = {
			isa = PBXProject;
			attributes = {
				LastUpgradeCheck = 1020;
				ORGANIZATIONNAME = dtokos;
				TargetAttributes = {
					98C49A4E22B54FA600084A65 = {
						CreatedOnToolsVersion = 10.2.1;
					};
				};
			};
			buildConfigurationList = 98C49A4922B54FA600084A65 /* Build configuration list for PBXProject "Zero-Deaths" */;
			compatibilityVersion = "Xcode 9.3";
			developmentRegion = en;
			hasScannedForEncodings = 0;
			knownRegions = (
				en,
			);
			mainGroup = 98C49A4522B54FA600084A65;
			productRefGroup = 98C49A5022B54FA600084A65 /* Products */;
			projectDirPath = "";
			projectRoot = "";
			targets = (
				98C49A4E22B54FA600084A65 /* Zero-Deaths */,
			);
		};
/* End PBXProject section */

/* Begin PBXResourcesBuildPhase section */
		98C49A4C22B54FA600084A65 /* Resources */ = {
			isa = PBXResourcesBuildPhase;
			buildActionMask = 2147483647;
			files = (
				98CABB5A22B6A43200698549 /* bindings.cfg in Resources */,
			);
			runOnlyForDeploymentPostprocessing = 0;
		};
/* End PBXResourcesBuildPhase section */

/* Begin PBXShellScriptBuildPhase section */
		98C49A4D22B54FA600084A65 /* ShellScript */ = {
			isa = PBXShellScriptBuildPhase;
			buildActionMask = 2147483647;
			files = (
			);
			inputFileListPaths = (
			);
			inputPaths = (
			);
			outputFileListPaths = (
			);
			outputPaths = (
			);
			runOnlyForDeploymentPostprocessing = 0;
			shellPath = /bin/sh;
			shellScript = "# This shell script simply copies required SFML dylibs/frameworks into the application bundle frameworks folder.\n# If you're using static libraries (which is not recommended) you should remove this script from your project.\n\n# SETTINGS\nSFML_DEPENDENCIES_INSTALL_PREFIX=\"/Library/Frameworks\"\nCMAKE_INSTALL_FRAMEWORK_PREFIX=\"/Library/Frameworks\"\nCMAKE_INSTALL_LIB_PREFIX=\"/usr/local/lib\"\nFRAMEWORKS_FULL_PATH=\"$BUILT_PRODUCTS_DIR/$FRAMEWORKS_FOLDER_PATH/\"\n\n# Are we building a project that uses frameworks or dylibs?\ncase \"$SFML_BINARY_TYPE\" in\n    DYLIBS)\n        frameworks=\"false\"\n        ;;\n    *)\n        frameworks=\"true\"\n        ;;\nesac\n\n# Echoes to stderr\nerror () # $* message to display\n{\n    echo $* 1>&2\n    exit 2\n}\n\nassert () # $1 is a boolean, $2...N is an error message\n{\n    if [ $# -lt 2 ]\n    then\n        error \"Internal error in assert: not enough args\"\n    fi\n\n    if [ $1 -ne 0 ]\n    then\n        shift\n        error \"$*\"\n    fi\n}\n\nforce_remove () # $@ is some paths\n{\n    test $# -ge 1\n    assert $? \"force_remove() requires at least one parameter\"\n    rm -fr $@\n    assert $? \"couldn't remove $@\"\n}\n\ncopy () # $1 is a source, $2 is a destination\n{\n    test $# -eq 2\n    assert $? \"copy() requires two parameters\"\n    ditto \"$1\" \"$2\"\n    assert $? \"couldn't copy $1 to $2\"\n}\n\nrequire () # $1 is a SFML module like 'system' or 'audio'\n{\n    dest=\"$BUILT_PRODUCTS_DIR/$FRAMEWORKS_FOLDER_PATH/\"\n\n    if [ -z \"$1\" ]\n    then\n        error \"require() requires one parameter!\"\n    else\n        # clean potentially old stuff\n        force_remove \"$dest/libsfml-$1\"*\n        force_remove \"$dest/sfml-$1.framework\"\n\n        # copy SFML libraries\n        if [ \"$frameworks\" = \"true\" ]\n        then\n            source=\"$CMAKE_INSTALL_FRAMEWORK_PREFIX/sfml-$1.framework\"\n            target=\"sfml-$1.framework\"\n        elif [ \"$SFML_LINK_DYLIBS_SUFFIX\" = \"-d\" ]\n        then\n            source=\"$CMAKE_INSTALL_LIB_PREFIX/libsfml-$1-d.dylib\"\n            target=\"`readlink $source`\"\n        else\n            source=\"$CMAKE_INSTALL_LIB_PREFIX/libsfml-$1.dylib\"\n            target=\"`readlink $source`\"\n        fi\n\n        copy \"$source\" \"$dest/$target\"\n\n        # copy extra dependencies\n        if [ \"$1\" = \"audio\" ]\n        then\n            # copy \"FLAC\" \"ogg\" \"vorbis\" \"vorbisenc\" \"vorbisfile\" \"OpenAL\" frameworks too\n            for f in \"FLAC\" \"ogg\" \"vorbis\" \"vorbisenc\" \"vorbisfile\" \"OpenAL\"\n            do\n                copy \"$SFML_DEPENDENCIES_INSTALL_PREFIX/$f.framework\" \"$dest/$f.framework\"\n            done\n        elif [ \"$1\" = \"graphics\" ]\n        then\n            copy \"$SFML_DEPENDENCIES_INSTALL_PREFIX/freetype.framework\" \"$dest/freetype.framework\"\n        fi\n    fi\n}\n\nif [ -n \"$SFML_SYSTEM\" ]\nthen\n    require \"system\"\nfi\n\nif [ -n \"$SFML_AUDIO\" ]\nthen\n    require \"audio\"\nfi\n\nif [ -n \"$SFML_NETWORK\" ]\nthen\n    require \"network\"\nfi\n\nif [ -n \"$SFML_WINDOW\" ]\nthen\n    require \"window\"\nfi\n\nif [ -n \"$SFML_GRAPHICS\" ]\nthen\n    require \"graphics\"\nfi\n\n                ";
		};
/* End PBXShellScriptBuildPhase section */

/* Begin PBXSourcesBuildPhase section */
		98C49A4A22B54FA600084A65 /* Sources */ = {
			isa = PBXSourcesBuildPhase;
			buildActionMask = 2147483647;
			files = (
				98EDD6AD22B63B5200942A49 /* Letterbox.cpp in Sources */,
				98EDD6B622B6640F00942A49 /* Loader.cpp in Sources */,
				986BE2F822BA9E9600B3A18D /* GameState.cpp in Sources */,
				98CABB5822B66A4300698549 /* Parser.cpp in Sources */,
				98B731C022B955A20020AFD5 /* AssetNotFound.cpp in Sources */,
				986BE2FB22BA9EB200B3A18D /* GameLoop.cpp in Sources */,
				980E742322BBDEC400C499A3 /* Player.cpp in Sources */,
				986BE30622BAA16C00B3A18D /* Level.cpp in Sources */,
				98EDD6AE22B63B5200942A49 /* ApplicationFactory.cpp in Sources */,
				98B731BD22B94E980020AFD5 /* AssetManager.cpp in Sources */,
				986BE30222BAA10200B3A18D /* Player.cpp in Sources */,
				984C433F22BD201D0018CABD /* Factory.cpp in Sources */,
				98EDD6B922B6648600942A49 /* Config.cpp in Sources */,
				98EDD6B022B63B5200942A49 /* main.cpp in Sources */,
				98F07B0522BABCB600134E17 /* GameController.cpp in Sources */,
				98F07B0222BABCA900134E17 /* PlayerController.cpp in Sources */,
				98F07AFC22BAB29900134E17 /* LevelManager.cpp in Sources */,
				986BE2FE22BA9FFF00B3A18D /* GameRenderer.cpp in Sources */,
				980E741922BBDCE500C499A3 /* GameControls.cpp in Sources */,
				980E742622BBDECF00C499A3 /* Game.cpp in Sources */,
				98EDD6AF22B63B5200942A49 /* Application.cpp in Sources */,
				984C433C22BD1F390018CABD /* Factory.cpp in Sources */,
				986BE2F522BA9E6E00B3A18D /* Game.cpp in Sources */,
				98F07AFF22BAB8A500134E17 /* CurrentLevel.cpp in Sources */,
				980E742922BBE12900C499A3 /* PlayerMoveType.cpp in Sources */,
				980E741C22BBDCFD00C499A3 /* PlayerControls.cpp in Sources */,
				986BE30922BAA18700B3A18D /* LevelLoader.cpp in Sources */,
			);
			runOnlyForDeploymentPostprocessing = 0;
		};
/* End PBXSourcesBuildPhase section */

/* Begin XCBuildConfiguration section */
		98C49A6222B54FA600084A65 /* Debug */ = {
			isa = XCBuildConfiguration;
			buildSettings = {
				ARCHS = "$(NATIVE_ARCH_ACTUAL)";
				CLANG_CXX_LANGUAGE_STANDARD = "c++11";
				CLANG_CXX_LIBRARY = "libc++";
				FRAMEWORK_SEARCH_PATHS = (
					/Library/Frameworks/,
					"$(inherited)",
				);
				GCC_VERSION = com.apple.compilers.llvm.clang.1_0;
				HEADER_SEARCH_PATHS = (
					/usr/local/include/,
					"$(inherited)",
				);
				LIBRARY_SEARCH_PATHS = (
					/usr/local/lib/,
					"$(inherited)",
				);
				MACOSX_DEPLOYMENT_TARGET = 10.7;
				OTHER_LDFLAGS = (
					"$(inherited)",
					"$(SFML_SYSTEM)",
					"$(SFML_WINDOW)",
					"$(SFML_GRAPHICS)",
					"$(SFML_AUDIO)",
					"$(SFML_NETWORK)",
				);
				SFML_AUDIO = "";
				SFML_BINARY_TYPE = DYLIBS;
				SFML_GRAPHICS = "$(SFML_LINK_PREFIX) sfml-graphics$(SFML_LINK_SUFFIX)";
				SFML_LINK_DYLIBS_PREFIX = "-l";
				SFML_LINK_DYLIBS_SUFFIX = "";
				SFML_LINK_FRAMEWORKS_PREFIX = "-framework";
				SFML_LINK_FRAMEWORKS_SUFFIX = "";
				SFML_LINK_PREFIX = "$(SFML_LINK_$(SFML_BINARY_TYPE)_PREFIX)";
				SFML_LINK_SUFFIX = "$(SFML_LINK_$(SFML_BINARY_TYPE)_SUFFIX)";
				SFML_NETWORK = "";
				SFML_SYSTEM = "$(SFML_LINK_PREFIX) sfml-system$(SFML_LINK_SUFFIX)";
				SFML_WINDOW = "$(SFML_LINK_PREFIX) sfml-window$(SFML_LINK_SUFFIX)";
				SUPPORTED_PLATFORMS = macosx;
			};
			name = Debug;
		};
		98C49A6322B54FA600084A65 /* Release */ = {
			isa = XCBuildConfiguration;
			buildSettings = {
				ARCHS = "$(NATIVE_ARCH_ACTUAL)";
				CLANG_CXX_LANGUAGE_STANDARD = "c++11";
				CLANG_CXX_LIBRARY = "libc++";
				FRAMEWORK_SEARCH_PATHS = (
					/Library/Frameworks/,
					"$(inherited)",
				);
				GCC_VERSION = com.apple.compilers.llvm.clang.1_0;
				HEADER_SEARCH_PATHS = (
					/usr/local/include/,
					"$(inherited)",
				);
				LIBRARY_SEARCH_PATHS = (
					/usr/local/lib/,
					"$(inherited)",
				);
				MACOSX_DEPLOYMENT_TARGET = 10.7;
				OTHER_LDFLAGS = (
					"$(inherited)",
					"$(SFML_SYSTEM)",
					"$(SFML_WINDOW)",
					"$(SFML_GRAPHICS)",
					"$(SFML_AUDIO)",
					"$(SFML_NETWORK)",
				);
				SFML_AUDIO = "";
				SFML_BINARY_TYPE = DYLIBS;
				SFML_GRAPHICS = "$(SFML_LINK_PREFIX) sfml-graphics$(SFML_LINK_SUFFIX)";
				SFML_LINK_DYLIBS_PREFIX = "-l";
				SFML_LINK_DYLIBS_SUFFIX = "";
				SFML_LINK_FRAMEWORKS_PREFIX = "-framework";
				SFML_LINK_FRAMEWORKS_SUFFIX = "";
				SFML_LINK_PREFIX = "$(SFML_LINK_$(SFML_BINARY_TYPE)_PREFIX)";
				SFML_LINK_SUFFIX = "$(SFML_LINK_$(SFML_BINARY_TYPE)_SUFFIX)";
				SFML_NETWORK = "";
				SFML_SYSTEM = "$(SFML_LINK_PREFIX) sfml-system$(SFML_LINK_SUFFIX)";
				SFML_WINDOW = "$(SFML_LINK_PREFIX) sfml-window$(SFML_LINK_SUFFIX)";
				SUPPORTED_PLATFORMS = macosx;
			};
			name = Release;
		};
		98C49A6522B54FA600084A65 /* Debug */ = {
			isa = XCBuildConfiguration;
			buildSettings = {
				CODE_SIGN_STYLE = Automatic;
				HEADER_SEARCH_PATHS = "\"${SRCROOT}/../../lib/macos/SFML/include\"";
				INFOPLIST_FILE = "Zero-Deaths/Zero-Deaths-Info.plist";
				LD_RUNPATH_SEARCH_PATHS = "@loader_path/../Frameworks";
				LIBRARY_SEARCH_PATHS = "\"${SRCROOT}/../../lib/macos/SFML/lib\"";
				PRODUCT_NAME = "$(TARGET_NAME)";
			};
			name = Debug;
		};
		98C49A6622B54FA600084A65 /* Release */ = {
			isa = XCBuildConfiguration;
			buildSettings = {
				CODE_SIGN_STYLE = Automatic;
				HEADER_SEARCH_PATHS = "\"${SRCROOT}/../../lib/macos/SFML/include\"";
				INFOPLIST_FILE = "Zero-Deaths/Zero-Deaths-Info.plist";
				LD_RUNPATH_SEARCH_PATHS = "@loader_path/../Frameworks";
				LIBRARY_SEARCH_PATHS = "\"${SRCROOT}/../../lib/macos/SFML/lib\"";
				PRODUCT_NAME = "$(TARGET_NAME)";
			};
			name = Release;
		};
/* End XCBuildConfiguration section */

/* Begin XCConfigurationList section */
		98C49A4922B54FA600084A65 /* Build configuration list for PBXProject "Zero-Deaths" */ = {
			isa = XCConfigurationList;
			buildConfigurations = (
				98C49A6222B54FA600084A65 /* Debug */,
				98C49A6322B54FA600084A65 /* Release */,
			);
			defaultConfigurationIsVisible = 0;
			defaultConfigurationName = Release;
		};
		98C49A6422B54FA600084A65 /* Build configuration list for PBXNativeTarget "Zero-Deaths" */ = {
			isa = XCConfigurationList;
			buildConfigurations = (
				98C49A6522B54FA600084A65 /* Debug */,
				98C49A6622B54FA600084A65 /* Release */,
			);
			defaultConfigurationIsVisible = 0;
			defaultConfigurationName = Release;
		};
/* End XCConfigurationList section */
	};
	rootObject = 98C49A4622B54FA600084A65 /* Project object */;
}
